<?xml version="1.0" encoding="utf-8"?>
<Project ToolsVersion="4.0" xmlns="http://schemas.microsoft.com/developer/msbuild/2003">
  <ItemGroup>
    <Filter Include="Source Files">
      <UniqueIdentifier>{cb1ddd21-54f4-4282-a9ec-56fba0f54ef2}</UniqueIdentifier>
      <Extensions>cpp</Extensions>
    </Filter>
    <Filter Include="include">
      <UniqueIdentifier>{9e7a13d0-30eb-475e-b21d-50925b59e5fd}</UniqueIdentifier>
    </Filter>
    <Filter Include="Source Files\specfun">
      <UniqueIdentifier>{e2bfd3a3-1717-4c01-a848-6b7c49d9b484}</UniqueIdentifier>
    </Filter>
    <Filter Include="Source Files\randist">
      <UniqueIdentifier>{d9d4c0bc-b878-4dbd-8d23-d41c67bf58e6}</UniqueIdentifier>
    </Filter>
    <Filter Include="Header Files">
      <UniqueIdentifier>{2b8ebbaa-c43f-4477-946c-d7235482d81d}</UniqueIdentifier>
      <Extensions>h</Extensions>
    </Filter>
  </ItemGroup>
  <ItemGroup>
    <ClCompile Include="xll_poly.cpp">
      <Filter>Source Files</Filter>
    </ClCompile>
    <ClCompile Include="xll_sf.cpp">
      <Filter>Source Files</Filter>
    </ClCompile>
    <ClCompile Include="xll_sum.cpp">
      <Filter>Source Files</Filter>
    </ClCompile>
    <ClCompile Include="xll_gsl.cpp">
      <Filter>Source Files</Filter>
    </ClCompile>
    <ClCompile Include="xll_rng.cpp">
      <Filter>Source Files</Filter>
    </ClCompile>
    <ClCompile Include="specfun\xll_sf_airy.cpp">
      <Filter>Source Files\specfun</Filter>
    </ClCompile>
    <ClCompile Include="xll_roots.cpp">
      <Filter>Source Files</Filter>
    </ClCompile>
    <ClCompile Include="specfun\xll_sf_bessel.cpp">
      <Filter>Source Files\specfun</Filter>
    </ClCompile>
    <ClCompile Include="xll_function.cpp">
      <Filter>Source Files</Filter>
    </ClCompile>
    <ClCompile Include="specfun\xll_sf_zeta.cpp">
      <Filter>Source Files\specfun</Filter>
    </ClCompile>
    <ClCompile Include="specfun\xll_sf_dawson.cpp">
      <Filter>Source Files\specfun</Filter>
    </ClCompile>
    <ClCompile Include="specfun\xll_sf_debye.cpp">
      <Filter>Source Files\specfun</Filter>
    </ClCompile>
    <ClCompile Include="specfun\xll_sf_erf.cpp">
      <Filter>Source Files\specfun</Filter>
    </ClCompile>
    <ClCompile Include="specfun\xll_sf_expint.cpp">
      <Filter>Source Files\specfun</Filter>
    </ClCompile>
    <ClCompile Include="specfun\xll_sf_laguerre.cpp">
      <Filter>Source Files\specfun</Filter>
    </ClCompile>
    <ClCompile Include="specfun\xll_sf_lambert.cpp">
      <Filter>Source Files\specfun</Filter>
    </ClCompile>
    <ClCompile Include="xll_multimin.cpp">
      <Filter>Source Files</Filter>
    </ClCompile>
    <ClCompile Include="specfun\xll_sf_legendre.cpp">
      <Filter>Source Files\specfun</Filter>
    </ClCompile>
    <ClCompile Include="xll_deriv.cpp">
      <Filter>Source Files</Filter>
    </ClCompile>
    <ClCompile Include="randist\xll_ran_gaussian.cpp">
      <Filter>Source Files\randist</Filter>
    </ClCompile>
    <ClCompile Include="xll_vector.cpp">
      <Filter>Source Files</Filter>
    </ClCompile>
    <ClCompile Include="randist\xll_ran_discrete.cpp">
      <Filter>Source Files\randist</Filter>
    </ClCompile>
    <ClCompile Include="xll_black.cpp">
      <Filter>Source Files</Filter>
    </ClCompile>
    <ClCompile Include="xll_njr.cpp">
      <Filter>Source Files</Filter>
    </ClCompile>
    <ClCompile Include="randist\xll_ran_bernoulli.cpp">
      <Filter>Source Files\randist</Filter>
    </ClCompile>
    <ClCompile Include="randist\xll_ran_beta.cpp">
      <Filter>Source Files\randist</Filter>
    </ClCompile>
    <ClCompile Include="randist\xll_ran_binomial.cpp">
      <Filter>Source Files\randist</Filter>
    </ClCompile>
    <ClCompile Include="randist\xll_ran_bivariate_gaussian.cpp">
      <Filter>Source Files\randist</Filter>
    </ClCompile>
    <ClCompile Include="randist\xll_ran_cauchy.cpp">
      <Filter>Source Files\randist</Filter>
    </ClCompile>
    <ClCompile Include="randist\xll_ran_chisq.cpp">
      <Filter>Source Files\randist</Filter>
    </ClCompile>
    <ClCompile Include="randist\xll_ran_dirichlet.cpp">
      <Filter>Source Files\randist</Filter>
    </ClCompile>
    <ClCompile Include="randist\xll_ran_exponential.cpp">
      <Filter>Source Files\randist</Filter>
    </ClCompile>
    <ClCompile Include="randist\xll_ran_exppow.cpp">
      <Filter>Source Files\randist</Filter>
    </ClCompile>
    <ClCompile Include="randist\xll_ran_fdist.cpp">
      <Filter>Source Files\randist</Filter>
    </ClCompile>
    <ClCompile Include="randist\xll_ran_flat.cpp">
      <Filter>Source Files\randist</Filter>
    </ClCompile>
    <ClCompile Include="randist\xll_ran_gamma.cpp">
      <Filter>Source Files\randist</Filter>
    </ClCompile>
    <ClCompile Include="randist\xll_ran_gaussian_tail.cpp">
      <Filter>Source Files\randist</Filter>
    </ClCompile>
    <ClCompile Include="randist\xll_ran_geometric.cpp">
      <Filter>Source Files\randist</Filter>
    </ClCompile>
    <ClCompile Include="randist\xll_ran_gumbel1.cpp">
      <Filter>Source Files\randist</Filter>
    </ClCompile>
    <ClCompile Include="randist\xll_ran_gumbel2.cpp">
      <Filter>Source Files\randist</Filter>
    </ClCompile>
    <ClCompile Include="randist\xll_ran_hypergeometric.cpp">
      <Filter>Source Files\randist</Filter>
    </ClCompile>
    <ClCompile Include="randist\xll_ran_landau.cpp">
      <Filter>Source Files\randist</Filter>
    </ClCompile>
    <ClCompile Include="randist\xll_ran_laplace.cpp">
      <Filter>Source Files\randist</Filter>
    </ClCompile>
    <ClCompile Include="randist\xll_ran_levy.cpp">
      <Filter>Source Files\randist</Filter>
    </ClCompile>
    <ClCompile Include="randist\xll_ran_levy_skew.cpp">
      <Filter>Source Files\randist</Filter>
    </ClCompile>
    <ClCompile Include="randist\xll_ran_logarithmic.cpp">
      <Filter>Source Files\randist</Filter>
    </ClCompile>
    <ClCompile Include="randist\xll_ran_logistic.cpp">
      <Filter>Source Files\randist</Filter>
    </ClCompile>
    <ClCompile Include="randist\xll_ran_lognormal.cpp">
      <Filter>Source Files\randist</Filter>
    </ClCompile>
    <ClCompile Include="randist\xll_ran_multinomial.cpp">
      <Filter>Source Files\randist</Filter>
    </ClCompile>
    <ClCompile Include="randist\xll_ran_negative_binomial.cpp">
      <Filter>Source Files\randist</Filter>
    </ClCompile>
    <ClCompile Include="randist\xll_ran_pareto.cpp">
      <Filter>Source Files\randist</Filter>
    </ClCompile>
    <ClCompile Include="randist\xll_ran_pascal.cpp">
      <Filter>Source Files\randist</Filter>
    </ClCompile>
    <ClCompile Include="randist\xll_ran_poisson.cpp">
      <Filter>Source Files\randist</Filter>
    </ClCompile>
    <ClCompile Include="randist\xll_ran_rayleigh.cpp">
      <Filter>Source Files\randist</Filter>
    </ClCompile>
    <ClCompile Include="randist\xll_ran_rayleigh_tail.cpp">
      <Filter>Source Files\randist</Filter>
    </ClCompile>
    <ClCompile Include="randist\xll_ran_t_distribution.cpp">
      <Filter>Source Files\randist</Filter>
    </ClCompile>
    <ClCompile Include="randist\xll_ran_weibull.cpp">
      <Filter>Source Files\randist</Filter>
    </ClCompile>
  </ItemGroup>
  <ItemGroup>
    <ClInclude Include="include\gsl\gsl_blas.h">
      <Filter>include</Filter>
    </ClInclude>
    <ClInclude Include="include\gsl\gsl_blas_types.h">
      <Filter>include</Filter>
    </ClInclude>
    <ClInclude Include="include\gsl\gsl_block.h">
      <Filter>include</Filter>
    </ClInclude>
    <ClInclude Include="include\gsl\gsl_block_char.h">
      <Filter>include</Filter>
    </ClInclude>
    <ClInclude Include="include\gsl\gsl_block_complex_double.h">
      <Filter>include</Filter>
    </ClInclude>
    <ClInclude Include="include\gsl\gsl_block_complex_float.h">
      <Filter>include</Filter>
    </ClInclude>
    <ClInclude Include="include\gsl\gsl_block_complex_long_double.h">
      <Filter>include</Filter>
    </ClInclude>
    <ClInclude Include="include\gsl\gsl_block_double.h">
      <Filter>include</Filter>
    </ClInclude>
    <ClInclude Include="include\gsl\gsl_block_float.h">
      <Filter>include</Filter>
    </ClInclude>
    <ClInclude Include="include\gsl\gsl_block_int.h">
      <Filter>include</Filter>
    </ClInclude>
    <ClInclude Include="include\gsl\gsl_block_long.h">
      <Filter>include</Filter>
    </ClInclude>
    <ClInclude Include="include\gsl\gsl_block_long_double.h">
      <Filter>include</Filter>
    </ClInclude>
    <ClInclude Include="include\gsl\gsl_block_short.h">
      <Filter>include</Filter>
    </ClInclude>
    <ClInclude Include="include\gsl\gsl_block_uchar.h">
      <Filter>include</Filter>
    </ClInclude>
    <ClInclude Include="include\gsl\gsl_block_uint.h">
      <Filter>include</Filter>
    </ClInclude>
    <ClInclude Include="include\gsl\gsl_block_ulong.h">
      <Filter>include</Filter>
    </ClInclude>
    <ClInclude Include="include\gsl\gsl_block_ushort.h">
      <Filter>include</Filter>
    </ClInclude>
    <ClInclude Include="include\gsl\gsl_bspline.h">
      <Filter>include</Filter>
    </ClInclude>
    <ClInclude Include="include\gsl\gsl_cblas.h">
      <Filter>include</Filter>
    </ClInclude>
    <ClInclude Include="include\gsl\gsl_cdf.h">
      <Filter>include</Filter>
    </ClInclude>
    <ClInclude Include="include\gsl\gsl_chebyshev.h">
      <Filter>include</Filter>
    </ClInclude>
    <ClInclude Include="include\gsl\gsl_check_range.h">
      <Filter>include</Filter>
    </ClInclude>
    <ClInclude Include="include\gsl\gsl_combination.h">
      <Filter>include</Filter>
    </ClInclude>
    <ClInclude Include="include\gsl\gsl_complex.h">
      <Filter>include</Filter>
    </ClInclude>
    <ClInclude Include="include\gsl\gsl_complex_math.h">
      <Filter>include</Filter>
    </ClInclude>
    <ClInclude Include="include\gsl\gsl_const.h">
      <Filter>include</Filter>
    </ClInclude>
    <ClInclude Include="include\gsl\gsl_const_cgs.h">
      <Filter>include</Filter>
    </ClInclude>
    <ClInclude Include="include\gsl\gsl_const_cgsm.h">
      <Filter>include</Filter>
    </ClInclude>
    <ClInclude Include="include\gsl\gsl_const_mks.h">
      <Filter>include</Filter>
    </ClInclude>
    <ClInclude Include="include\gsl\gsl_const_mksa.h">
      <Filter>include</Filter>
    </ClInclude>
    <ClInclude Include="include\gsl\gsl_const_num.h">
      <Filter>include</Filter>
    </ClInclude>
    <ClInclude Include="include\gsl\gsl_deriv.h">
      <Filter>include</Filter>
    </ClInclude>
    <ClInclude Include="include\gsl\gsl_dft_complex.h">
      <Filter>include</Filter>
    </ClInclude>
    <ClInclude Include="include\gsl\gsl_dft_complex_float.h">
      <Filter>include</Filter>
    </ClInclude>
    <ClInclude Include="include\gsl\gsl_dht.h">
      <Filter>include</Filter>
    </ClInclude>
    <ClInclude Include="include\gsl\gsl_diff.h">
      <Filter>include</Filter>
    </ClInclude>
    <ClInclude Include="include\gsl\gsl_eigen.h">
      <Filter>include</Filter>
    </ClInclude>
    <ClInclude Include="include\gsl\gsl_errno.h">
      <Filter>include</Filter>
    </ClInclude>
    <ClInclude Include="include\gsl\gsl_fft.h">
      <Filter>include</Filter>
    </ClInclude>
    <ClInclude Include="include\gsl\gsl_fft_complex.h">
      <Filter>include</Filter>
    </ClInclude>
    <ClInclude Include="include\gsl\gsl_fft_complex_float.h">
      <Filter>include</Filter>
    </ClInclude>
    <ClInclude Include="include\gsl\gsl_fft_halfcomplex.h">
      <Filter>include</Filter>
    </ClInclude>
    <ClInclude Include="include\gsl\gsl_fft_halfcomplex_float.h">
      <Filter>include</Filter>
    </ClInclude>
    <ClInclude Include="include\gsl\gsl_fft_real.h">
      <Filter>include</Filter>
    </ClInclude>
    <ClInclude Include="include\gsl\gsl_fft_real_float.h">
      <Filter>include</Filter>
    </ClInclude>
    <ClInclude Include="include\gsl\gsl_fit.h">
      <Filter>include</Filter>
    </ClInclude>
    <ClInclude Include="include\gsl\gsl_heapsort.h">
      <Filter>include</Filter>
    </ClInclude>
    <ClInclude Include="include\gsl\gsl_histogram.h">
      <Filter>include</Filter>
    </ClInclude>
    <ClInclude Include="include\gsl\gsl_histogram2d.h">
      <Filter>include</Filter>
    </ClInclude>
    <ClInclude Include="include\gsl\gsl_ieee_utils.h">
      <Filter>include</Filter>
    </ClInclude>
    <ClInclude Include="include\gsl\gsl_inline.h">
      <Filter>include</Filter>
    </ClInclude>
    <ClInclude Include="include\gsl\gsl_integration.h">
      <Filter>include</Filter>
    </ClInclude>
    <ClInclude Include="include\gsl\gsl_interp.h">
      <Filter>include</Filter>
    </ClInclude>
    <ClInclude Include="include\gsl\gsl_linalg.h">
      <Filter>include</Filter>
    </ClInclude>
    <ClInclude Include="include\gsl\gsl_machine.h">
      <Filter>include</Filter>
    </ClInclude>
    <ClInclude Include="include\gsl\gsl_math.h">
      <Filter>include</Filter>
    </ClInclude>
    <ClInclude Include="include\gsl\gsl_matrix.h">
      <Filter>include</Filter>
    </ClInclude>
    <ClInclude Include="include\gsl\gsl_matrix_char.h">
      <Filter>include</Filter>
    </ClInclude>
    <ClInclude Include="include\gsl\gsl_matrix_complex_double.h">
      <Filter>include</Filter>
    </ClInclude>
    <ClInclude Include="include\gsl\gsl_matrix_complex_float.h">
      <Filter>include</Filter>
    </ClInclude>
    <ClInclude Include="include\gsl\gsl_matrix_complex_long_double.h">
      <Filter>include</Filter>
    </ClInclude>
    <ClInclude Include="include\gsl\gsl_matrix_double.h">
      <Filter>include</Filter>
    </ClInclude>
    <ClInclude Include="include\gsl\gsl_matrix_float.h">
      <Filter>include</Filter>
    </ClInclude>
    <ClInclude Include="include\gsl\gsl_matrix_int.h">
      <Filter>include</Filter>
    </ClInclude>
    <ClInclude Include="include\gsl\gsl_matrix_long.h">
      <Filter>include</Filter>
    </ClInclude>
    <ClInclude Include="include\gsl\gsl_matrix_long_double.h">
      <Filter>include</Filter>
    </ClInclude>
    <ClInclude Include="include\gsl\gsl_matrix_short.h">
      <Filter>include</Filter>
    </ClInclude>
    <ClInclude Include="include\gsl\gsl_matrix_uchar.h">
      <Filter>include</Filter>
    </ClInclude>
    <ClInclude Include="include\gsl\gsl_matrix_uint.h">
      <Filter>include</Filter>
    </ClInclude>
    <ClInclude Include="include\gsl\gsl_matrix_ulong.h">
      <Filter>include</Filter>
    </ClInclude>
    <ClInclude Include="include\gsl\gsl_matrix_ushort.h">
      <Filter>include</Filter>
    </ClInclude>
    <ClInclude Include="include\gsl\gsl_message.h">
      <Filter>include</Filter>
    </ClInclude>
    <ClInclude Include="include\gsl\gsl_min.h">
      <Filter>include</Filter>
    </ClInclude>
    <ClInclude Include="include\gsl\gsl_minmax.h">
      <Filter>include</Filter>
    </ClInclude>
    <ClInclude Include="include\gsl\gsl_mode.h">
      <Filter>include</Filter>
    </ClInclude>
    <ClInclude Include="include\gsl\gsl_monte.h">
      <Filter>include</Filter>
    </ClInclude>
    <ClInclude Include="include\gsl\gsl_monte_miser.h">
      <Filter>include</Filter>
    </ClInclude>
    <ClInclude Include="include\gsl\gsl_monte_plain.h">
      <Filter>include</Filter>
    </ClInclude>
    <ClInclude Include="include\gsl\gsl_monte_vegas.h">
      <Filter>include</Filter>
    </ClInclude>
    <ClInclude Include="include\gsl\gsl_multifit.h">
      <Filter>include</Filter>
    </ClInclude>
    <ClInclude Include="include\gsl\gsl_multifit_nlin.h">
      <Filter>include</Filter>
    </ClInclude>
    <ClInclude Include="include\gsl\gsl_multimin.h">
      <Filter>include</Filter>
    </ClInclude>
    <ClInclude Include="include\gsl\gsl_multiroots.h">
      <Filter>include</Filter>
    </ClInclude>
    <ClInclude Include="include\gsl\gsl_nan.h">
      <Filter>include</Filter>
    </ClInclude>
    <ClInclude Include="include\gsl\gsl_ntuple.h">
      <Filter>include</Filter>
    </ClInclude>
    <ClInclude Include="include\gsl\gsl_odeiv.h">
      <Filter>include</Filter>
    </ClInclude>
    <ClInclude Include="include\gsl\gsl_permutation.h">
      <Filter>include</Filter>
    </ClInclude>
    <ClInclude Include="include\gsl\gsl_permute.h">
      <Filter>include</Filter>
    </ClInclude>
    <ClInclude Include="include\gsl\gsl_permute_char.h">
      <Filter>include</Filter>
    </ClInclude>
    <ClInclude Include="include\gsl\gsl_permute_complex_double.h">
      <Filter>include</Filter>
    </ClInclude>
    <ClInclude Include="include\gsl\gsl_permute_complex_float.h">
      <Filter>include</Filter>
    </ClInclude>
    <ClInclude Include="include\gsl\gsl_permute_complex_long_double.h">
      <Filter>include</Filter>
    </ClInclude>
    <ClInclude Include="include\gsl\gsl_permute_double.h">
      <Filter>include</Filter>
    </ClInclude>
    <ClInclude Include="include\gsl\gsl_permute_float.h">
      <Filter>include</Filter>
    </ClInclude>
    <ClInclude Include="include\gsl\gsl_permute_int.h">
      <Filter>include</Filter>
    </ClInclude>
    <ClInclude Include="include\gsl\gsl_permute_long.h">
      <Filter>include</Filter>
    </ClInclude>
    <ClInclude Include="include\gsl\gsl_permute_long_double.h">
      <Filter>include</Filter>
    </ClInclude>
    <ClInclude Include="include\gsl\gsl_permute_short.h">
      <Filter>include</Filter>
    </ClInclude>
    <ClInclude Include="include\gsl\gsl_permute_uchar.h">
      <Filter>include</Filter>
    </ClInclude>
    <ClInclude Include="include\gsl\gsl_permute_uint.h">
      <Filter>include</Filter>
    </ClInclude>
    <ClInclude Include="include\gsl\gsl_permute_ulong.h">
      <Filter>include</Filter>
    </ClInclude>
    <ClInclude Include="include\gsl\gsl_permute_ushort.h">
      <Filter>include</Filter>
    </ClInclude>
    <ClInclude Include="include\gsl\gsl_permute_vector.h">
      <Filter>include</Filter>
    </ClInclude>
    <ClInclude Include="include\gsl\gsl_permute_vector_char.h">
      <Filter>include</Filter>
    </ClInclude>
    <ClInclude Include="include\gsl\gsl_permute_vector_complex_double.h">
      <Filter>include</Filter>
    </ClInclude>
    <ClInclude Include="include\gsl\gsl_permute_vector_complex_float.h">
      <Filter>include</Filter>
    </ClInclude>
    <ClInclude Include="include\gsl\gsl_permute_vector_complex_long_double.h">
      <Filter>include</Filter>
    </ClInclude>
    <ClInclude Include="include\gsl\gsl_permute_vector_double.h">
      <Filter>include</Filter>
    </ClInclude>
    <ClInclude Include="include\gsl\gsl_permute_vector_float.h">
      <Filter>include</Filter>
    </ClInclude>
    <ClInclude Include="include\gsl\gsl_permute_vector_int.h">
      <Filter>include</Filter>
    </ClInclude>
    <ClInclude Include="include\gsl\gsl_permute_vector_long.h">
      <Filter>include</Filter>
    </ClInclude>
    <ClInclude Include="include\gsl\gsl_permute_vector_long_double.h">
      <Filter>include</Filter>
    </ClInclude>
    <ClInclude Include="include\gsl\gsl_permute_vector_short.h">
      <Filter>include</Filter>
    </ClInclude>
    <ClInclude Include="include\gsl\gsl_permute_vector_uchar.h">
      <Filter>include</Filter>
    </ClInclude>
    <ClInclude Include="include\gsl\gsl_permute_vector_uint.h">
      <Filter>include</Filter>
    </ClInclude>
    <ClInclude Include="include\gsl\gsl_permute_vector_ulong.h">
      <Filter>include</Filter>
    </ClInclude>
    <ClInclude Include="include\gsl\gsl_permute_vector_ushort.h">
      <Filter>include</Filter>
    </ClInclude>
    <ClInclude Include="include\gsl\gsl_poly.h">
      <Filter>include</Filter>
    </ClInclude>
    <ClInclude Include="include\gsl\gsl_pow_int.h">
      <Filter>include</Filter>
    </ClInclude>
    <ClInclude Include="include\gsl\gsl_precision.h">
      <Filter>include</Filter>
    </ClInclude>
    <ClInclude Include="include\gsl\gsl_qrng.h">
      <Filter>include</Filter>
    </ClInclude>
    <ClInclude Include="include\gsl\gsl_randist.h">
      <Filter>include</Filter>
    </ClInclude>
    <ClInclude Include="include\gsl\gsl_rng.h">
      <Filter>include</Filter>
    </ClInclude>
    <ClInclude Include="include\gsl\gsl_roots.h">
      <Filter>include</Filter>
    </ClInclude>
    <ClInclude Include="include\gsl\gsl_sf.h">
      <Filter>include</Filter>
    </ClInclude>
    <ClInclude Include="include\gsl\gsl_sf_airy.h">
      <Filter>include</Filter>
    </ClInclude>
    <ClInclude Include="include\gsl\gsl_sf_bessel.h">
      <Filter>include</Filter>
    </ClInclude>
    <ClInclude Include="include\gsl\gsl_sf_clausen.h">
      <Filter>include</Filter>
    </ClInclude>
    <ClInclude Include="include\gsl\gsl_sf_coulomb.h">
      <Filter>include</Filter>
    </ClInclude>
    <ClInclude Include="include\gsl\gsl_sf_coupling.h">
      <Filter>include</Filter>
    </ClInclude>
    <ClInclude Include="include\gsl\gsl_sf_dawson.h">
      <Filter>include</Filter>
    </ClInclude>
    <ClInclude Include="include\gsl\gsl_sf_debye.h">
      <Filter>include</Filter>
    </ClInclude>
    <ClInclude Include="include\gsl\gsl_sf_dilog.h">
      <Filter>include</Filter>
    </ClInclude>
    <ClInclude Include="include\gsl\gsl_sf_elementary.h">
      <Filter>include</Filter>
    </ClInclude>
    <ClInclude Include="include\gsl\gsl_sf_ellint.h">
      <Filter>include</Filter>
    </ClInclude>
    <ClInclude Include="include\gsl\gsl_sf_elljac.h">
      <Filter>include</Filter>
    </ClInclude>
    <ClInclude Include="include\gsl\gsl_sf_erf.h">
      <Filter>include</Filter>
    </ClInclude>
    <ClInclude Include="include\gsl\gsl_sf_exp.h">
      <Filter>include</Filter>
    </ClInclude>
    <ClInclude Include="include\gsl\gsl_sf_expint.h">
      <Filter>include</Filter>
    </ClInclude>
    <ClInclude Include="include\gsl\gsl_sf_fermi_dirac.h">
      <Filter>include</Filter>
    </ClInclude>
    <ClInclude Include="include\gsl\gsl_sf_gamma.h">
      <Filter>include</Filter>
    </ClInclude>
    <ClInclude Include="include\gsl\gsl_sf_gegenbauer.h">
      <Filter>include</Filter>
    </ClInclude>
    <ClInclude Include="include\gsl\gsl_sf_hyperg.h">
      <Filter>include</Filter>
    </ClInclude>
    <ClInclude Include="include\gsl\gsl_sf_laguerre.h">
      <Filter>include</Filter>
    </ClInclude>
    <ClInclude Include="include\gsl\gsl_sf_lambert.h">
      <Filter>include</Filter>
    </ClInclude>
    <ClInclude Include="include\gsl\gsl_sf_legendre.h">
      <Filter>include</Filter>
    </ClInclude>
    <ClInclude Include="include\gsl\gsl_sf_log.h">
      <Filter>include</Filter>
    </ClInclude>
    <ClInclude Include="include\gsl\gsl_sf_mathieu.h">
      <Filter>include</Filter>
    </ClInclude>
    <ClInclude Include="include\gsl\gsl_sf_pow_int.h">
      <Filter>include</Filter>
    </ClInclude>
    <ClInclude Include="include\gsl\gsl_sf_psi.h">
      <Filter>include</Filter>
    </ClInclude>
    <ClInclude Include="include\gsl\gsl_sf_result.h">
      <Filter>include</Filter>
    </ClInclude>
    <ClInclude Include="include\gsl\gsl_sf_synchrotron.h">
      <Filter>include</Filter>
    </ClInclude>
    <ClInclude Include="include\gsl\gsl_sf_transport.h">
      <Filter>include</Filter>
    </ClInclude>
    <ClInclude Include="include\gsl\gsl_sf_trig.h">
      <Filter>include</Filter>
    </ClInclude>
    <ClInclude Include="include\gsl\gsl_sf_zeta.h">
      <Filter>include</Filter>
    </ClInclude>
    <ClInclude Include="include\gsl\gsl_siman.h">
      <Filter>include</Filter>
    </ClInclude>
    <ClInclude Include="include\gsl\gsl_sort.h">
      <Filter>include</Filter>
    </ClInclude>
    <ClInclude Include="include\gsl\gsl_sort_char.h">
      <Filter>include</Filter>
    </ClInclude>
    <ClInclude Include="include\gsl\gsl_sort_double.h">
      <Filter>include</Filter>
    </ClInclude>
    <ClInclude Include="include\gsl\gsl_sort_float.h">
      <Filter>include</Filter>
    </ClInclude>
    <ClInclude Include="include\gsl\gsl_sort_int.h">
      <Filter>include</Filter>
    </ClInclude>
    <ClInclude Include="include\gsl\gsl_sort_long.h">
      <Filter>include</Filter>
    </ClInclude>
    <ClInclude Include="include\gsl\gsl_sort_long_double.h">
      <Filter>include</Filter>
    </ClInclude>
    <ClInclude Include="include\gsl\gsl_sort_short.h">
      <Filter>include</Filter>
    </ClInclude>
    <ClInclude Include="include\gsl\gsl_sort_uchar.h">
      <Filter>include</Filter>
    </ClInclude>
    <ClInclude Include="include\gsl\gsl_sort_uint.h">
      <Filter>include</Filter>
    </ClInclude>
    <ClInclude Include="include\gsl\gsl_sort_ulong.h">
      <Filter>include</Filter>
    </ClInclude>
    <ClInclude Include="include\gsl\gsl_sort_ushort.h">
      <Filter>include</Filter>
    </ClInclude>
    <ClInclude Include="include\gsl\gsl_sort_vector.h">
      <Filter>include</Filter>
    </ClInclude>
    <ClInclude Include="include\gsl\gsl_sort_vector_char.h">
      <Filter>include</Filter>
    </ClInclude>
    <ClInclude Include="include\gsl\gsl_sort_vector_double.h">
      <Filter>include</Filter>
    </ClInclude>
    <ClInclude Include="include\gsl\gsl_sort_vector_float.h">
      <Filter>include</Filter>
    </ClInclude>
    <ClInclude Include="include\gsl\gsl_sort_vector_int.h">
      <Filter>include</Filter>
    </ClInclude>
    <ClInclude Include="include\gsl\gsl_sort_vector_long.h">
      <Filter>include</Filter>
    </ClInclude>
    <ClInclude Include="include\gsl\gsl_sort_vector_long_double.h">
      <Filter>include</Filter>
    </ClInclude>
    <ClInclude Include="include\gsl\gsl_sort_vector_short.h">
      <Filter>include</Filter>
    </ClInclude>
    <ClInclude Include="include\gsl\gsl_sort_vector_uchar.h">
      <Filter>include</Filter>
    </ClInclude>
    <ClInclude Include="include\gsl\gsl_sort_vector_uint.h">
      <Filter>include</Filter>
    </ClInclude>
    <ClInclude Include="include\gsl\gsl_sort_vector_ulong.h">
      <Filter>include</Filter>
    </ClInclude>
    <ClInclude Include="include\gsl\gsl_sort_vector_ushort.h">
      <Filter>include</Filter>
    </ClInclude>
    <ClInclude Include="include\gsl\gsl_specfunc.h">
      <Filter>include</Filter>
    </ClInclude>
    <ClInclude Include="include\gsl\gsl_spline.h">
      <Filter>include</Filter>
    </ClInclude>
    <ClInclude Include="include\gsl\gsl_statistics.h">
      <Filter>include</Filter>
    </ClInclude>
    <ClInclude Include="include\gsl\gsl_statistics_char.h">
      <Filter>include</Filter>
    </ClInclude>
    <ClInclude Include="include\gsl\gsl_statistics_double.h">
      <Filter>include</Filter>
    </ClInclude>
    <ClInclude Include="include\gsl\gsl_statistics_float.h">
      <Filter>include</Filter>
    </ClInclude>
    <ClInclude Include="include\gsl\gsl_statistics_int.h">
      <Filter>include</Filter>
    </ClInclude>
    <ClInclude Include="include\gsl\gsl_statistics_long.h">
      <Filter>include</Filter>
    </ClInclude>
    <ClInclude Include="include\gsl\gsl_statistics_long_double.h">
      <Filter>include</Filter>
    </ClInclude>
    <ClInclude Include="include\gsl\gsl_statistics_short.h">
      <Filter>include</Filter>
    </ClInclude>
    <ClInclude Include="include\gsl\gsl_statistics_uchar.h">
      <Filter>include</Filter>
    </ClInclude>
    <ClInclude Include="include\gsl\gsl_statistics_uint.h">
      <Filter>include</Filter>
    </ClInclude>
    <ClInclude Include="include\gsl\gsl_statistics_ulong.h">
      <Filter>include</Filter>
    </ClInclude>
    <ClInclude Include="include\gsl\gsl_statistics_ushort.h">
      <Filter>include</Filter>
    </ClInclude>
    <ClInclude Include="include\gsl\gsl_sum.h">
      <Filter>include</Filter>
    </ClInclude>
    <ClInclude Include="include\gsl\gsl_sys.h">
      <Filter>include</Filter>
    </ClInclude>
    <ClInclude Include="include\gsl\gsl_test.h">
      <Filter>include</Filter>
    </ClInclude>
    <ClInclude Include="include\gsl\gsl_types.h">
      <Filter>include</Filter>
    </ClInclude>
    <ClInclude Include="include\gsl\gsl_vector.h">
      <Filter>include</Filter>
    </ClInclude>
    <ClInclude Include="include\gsl\gsl_vector_char.h">
      <Filter>include</Filter>
    </ClInclude>
    <ClInclude Include="include\gsl\gsl_vector_complex.h">
      <Filter>include</Filter>
    </ClInclude>
    <ClInclude Include="include\gsl\gsl_vector_complex_double.h">
      <Filter>include</Filter>
    </ClInclude>
    <ClInclude Include="include\gsl\gsl_vector_complex_float.h">
      <Filter>include</Filter>
    </ClInclude>
    <ClInclude Include="include\gsl\gsl_vector_complex_long_double.h">
      <Filter>include</Filter>
    </ClInclude>
    <ClInclude Include="include\gsl\gsl_vector_double.h">
      <Filter>include</Filter>
    </ClInclude>
    <ClInclude Include="include\gsl\gsl_vector_float.h">
      <Filter>include</Filter>
    </ClInclude>
    <ClInclude Include="include\gsl\gsl_vector_int.h">
      <Filter>include</Filter>
    </ClInclude>
    <ClInclude Include="include\gsl\gsl_vector_long.h">
      <Filter>include</Filter>
    </ClInclude>
    <ClInclude Include="include\gsl\gsl_vector_long_double.h">
      <Filter>include</Filter>
    </ClInclude>
    <ClInclude Include="include\gsl\gsl_vector_short.h">
      <Filter>include</Filter>
    </ClInclude>
    <ClInclude Include="include\gsl\gsl_vector_uchar.h">
      <Filter>include</Filter>
    </ClInclude>
    <ClInclude Include="include\gsl\gsl_vector_uint.h">
      <Filter>include</Filter>
    </ClInclude>
    <ClInclude Include="include\gsl\gsl_vector_ulong.h">
      <Filter>include</Filter>
    </ClInclude>
    <ClInclude Include="include\gsl\gsl_vector_ushort.h">
      <Filter>include</Filter>
    </ClInclude>
    <ClInclude Include="include\gsl\gsl_version.h">
      <Filter>include</Filter>
    </ClInclude>
    <ClInclude Include="include\gsl\gsl_wavelet.h">
      <Filter>include</Filter>
    </ClInclude>
    <ClInclude Include="include\gsl\gsl_wavelet2d.h">
      <Filter>include</Filter>
    </ClInclude>
    <ClInclude Include="xll_gsl.h">
      <Filter>Header Files</Filter>
    </ClInclude>
    <ClInclude Include="xll_sf.h">
      <Filter>Header Files</Filter>
    </ClInclude>
    <ClInclude Include="xll_math.h">
      <Filter>Header Files</Filter>
    </ClInclude>
    <ClInclude Include="xll_roots.h">
      <Filter>Header Files</Filter>
    </ClInclude>
    <ClInclude Include="xll_multimin.h">
      <Filter>Header Files</Filter>
    </ClInclude>
    <ClInclude Include="xll_deriv.h">
      <Filter>Header Files</Filter>
    </ClInclude>
    <ClInclude Include="xll_randist.h">
      <Filter>Header Files</Filter>
    </ClInclude>
    <ClInclude Include="xll_rng.h">
      <Filter>Header Files</Filter>
    </ClInclude>
    <ClInclude Include="xll_vector.h">
      <Filter>Header Files</Filter>
    </ClInclude>
    <ClInclude Include="randist\xll_ran_discrete.h">
      <Filter>Header Files</Filter>
    </ClInclude>
    <ClInclude Include="xll_njr.h">
      <Filter>Header Files</Filter>
    </ClInclude>
  </ItemGroup>
  <ItemGroup>
    <None Include="README.md" />
    <None Include="SOLVEkey.pdf" />
    <None Include="CorMil1993.pdf" />
  </ItemGroup>
</Project>