<?xml version="1.0" encoding="utf-8"?>
<Project ToolsVersion="4.0" xmlns="http://schemas.microsoft.com/developer/msbuild/2003">
  <ItemGroup>
    <Filter Include="Source Files">
      <UniqueIdentifier>{cb1ddd21-54f4-4282-a9ec-56fba0f54ef2}</UniqueIdentifier>
      <Extensions>cpp</Extensions>
    </Filter>
    <Filter Include="Header Files">
      <UniqueIdentifier>{2b8ebbaa-c43f-4477-946c-d7235482d81d}</UniqueIdentifier>
      <Extensions>h</Extensions>
    </Filter>
  </ItemGroup>
  <ItemGroup>
    <ClCompile Include="sf_bessel.cpp">
      <Filter>Source Files</Filter>
    </ClCompile>
    <ClCompile Include="gsl.cpp">
      <Filter>Source Files</Filter>
    </ClCompile>
  </ItemGroup>
  <ItemGroup>
    <ClInclude Include="gsl.h">
      <Filter>Header Files</Filter>
    </ClInclude>
  </ItemGroup>
</Project>